
Microsoft Visual Studio Solution File, Format Version 12.00
# Visual Studio 15
VisualStudioVersion = 15.0.27428.2015
MinimumVisualStudioVersion = 10.0.40219.1
Project("{9A19103F-16F7-4668-BE54-9A1E7A4F7556}") = "AcademyPrestudies", "AcademyPrestudies.csproj", "{06BB9A08-EE14-4ACC-AF4A-8916B1E5EC6C}"
EndProject
Global
	GlobalSection(SolutionConfigurationPlatforms) = preSolution
		Debug|Any CPU = Debug|Any CPU
		Release|Any CPU = Release|Any CPU
	EndGlobalSection
	GlobalSection(ProjectConfigurationPlatforms) = postSolution
		{06BB9A08-EE14-4ACC-AF4A-8916B1E5EC6C}.Debug|Any CPU.ActiveCfg = Debug|Any CPU
		{06BB9A08-EE14-4ACC-AF4A-8916B1E5EC6C}.Debug|Any CPU.Build.0 = Debug|Any CPU
		{06BB9A08-EE14-4ACC-AF4A-8916B1E5EC6C}.Release|Any CPU.ActiveCfg = Release|Any CPU
		{06BB9A08-EE14-4ACC-AF4A-8916B1E5EC6C}.Release|Any CPU.Build.0 = Release|Any CPU
	EndGlobalSection
	GlobalSection(SolutionProperties) = preSolution
		HideSolutionNode = FALSE
	EndGlobalSection
	GlobalSection(ExtensibilityGlobals) = postSolution
		SolutionGuid = {960E5360-E47B-4B98-BBAE-AD7D30B63C42}
	EndGlobalSection
EndGlobal
